
Microsoft Visual Studio Solution File, Format Version 12.00
# Visual Studio 15
VisualStudioVersion = 15.0.27428.1
MinimumVisualStudioVersion = 10.0.40219.1
Project("{FAE04EC0-301F-11D3-BF4B-00C04F79EFBC}") = "BusinessLayer", "BusinessLayer\BusinessLayer.csproj", "{FCE5018D-B34F-4F16-8EEF-DAD860162690}"
EndProject
Project("{FAE04EC0-301F-11D3-BF4B-00C04F79EFBC}") = "DataLayer", "DataLayer\DataLayer.csproj", "{71B73AA4-5DAC-47E9-A104-57EEC3BE23E7}"
EndProject
Project("{FAE04EC0-301F-11D3-BF4B-00C04F79EFBC}") = "PresentationLayer", "PresentationLayer\PresentationLayer.csproj", "{4EBAE183-E8B8-4510-96D4-2A7567067EE3}"
EndProject
Project("{FAE04EC0-301F-11D3-BF4B-00C04F79EFBC}") = "SHSTests", "SHSTests\SHSTests.csproj", "{B97CA97C-D825-4A10-826C-7653DB66887F}"
EndProject
Global
	GlobalSection(SolutionConfigurationPlatforms) = preSolution
		Debug|Any CPU = Debug|Any CPU
		Release|Any CPU = Release|Any CPU
	EndGlobalSection
	GlobalSection(ProjectConfigurationPlatforms) = postSolution
		{FCE5018D-B34F-4F16-8EEF-DAD860162690}.Debug|Any CPU.ActiveCfg = Debug|Any CPU
		{FCE5018D-B34F-4F16-8EEF-DAD860162690}.Debug|Any CPU.Build.0 = Debug|Any CPU
		{FCE5018D-B34F-4F16-8EEF-DAD860162690}.Release|Any CPU.ActiveCfg = Release|Any CPU
		{FCE5018D-B34F-4F16-8EEF-DAD860162690}.Release|Any CPU.Build.0 = Release|Any CPU
		{71B73AA4-5DAC-47E9-A104-57EEC3BE23E7}.Debug|Any CPU.ActiveCfg = Debug|Any CPU
		{71B73AA4-5DAC-47E9-A104-57EEC3BE23E7}.Debug|Any CPU.Build.0 = Debug|Any CPU
		{71B73AA4-5DAC-47E9-A104-57EEC3BE23E7}.Release|Any CPU.ActiveCfg = Release|Any CPU
		{71B73AA4-5DAC-47E9-A104-57EEC3BE23E7}.Release|Any CPU.Build.0 = Release|Any CPU
		{4EBAE183-E8B8-4510-96D4-2A7567067EE3}.Debug|Any CPU.ActiveCfg = Debug|Any CPU
		{4EBAE183-E8B8-4510-96D4-2A7567067EE3}.Debug|Any CPU.Build.0 = Debug|Any CPU
		{4EBAE183-E8B8-4510-96D4-2A7567067EE3}.Release|Any CPU.ActiveCfg = Release|Any CPU
		{4EBAE183-E8B8-4510-96D4-2A7567067EE3}.Release|Any CPU.Build.0 = Release|Any CPU
		{B97CA97C-D825-4A10-826C-7653DB66887F}.Debug|Any CPU.ActiveCfg = Debug|Any CPU
		{B97CA97C-D825-4A10-826C-7653DB66887F}.Debug|Any CPU.Build.0 = Debug|Any CPU
		{B97CA97C-D825-4A10-826C-7653DB66887F}.Release|Any CPU.ActiveCfg = Release|Any CPU
		{B97CA97C-D825-4A10-826C-7653DB66887F}.Release|Any CPU.Build.0 = Release|Any CPU
	EndGlobalSection
	GlobalSection(SolutionProperties) = preSolution
		HideSolutionNode = FALSE
	EndGlobalSection
	GlobalSection(ExtensibilityGlobals) = postSolution
		SolutionGuid = {C09CF76A-126B-4045-9989-33510E4CA0F8}
	EndGlobalSection
EndGlobal
